
Microsoft Visual Studio Solution File, Format Version 12.00
# Visual Studio 15
VisualStudioVersion = 15.0.28010.2026
MinimumVisualStudioVersion = 10.0.40219.1
Project("{FAE04EC0-301F-11D3-BF4B-00C04F79EFBC}") = "AsciiArt", "AsciiArt\AsciiArt.csproj", "{4A48889A-CC74-4B7B-88AD-64681810E81A}"
EndProject
Global
	GlobalSection(SolutionConfigurationPlatforms) = preSolution
		Debug|Any CPU = Debug|Any CPU
		Release|Any CPU = Release|Any CPU
	EndGlobalSection
	GlobalSection(ProjectConfigurationPlatforms) = postSolution
		{4A48889A-CC74-4B7B-88AD-64681810E81A}.Debug|Any CPU.ActiveCfg = Debug|Any CPU
		{4A48889A-CC74-4B7B-88AD-64681810E81A}.Debug|Any CPU.Build.0 = Debug|Any CPU
		{4A48889A-CC74-4B7B-88AD-64681810E81A}.Release|Any CPU.ActiveCfg = Release|Any CPU
		{4A48889A-CC74-4B7B-88AD-64681810E81A}.Release|Any CPU.Build.0 = Release|Any CPU
	EndGlobalSection
	GlobalSection(SolutionProperties) = preSolution
		HideSolutionNode = FALSE
	EndGlobalSection
	GlobalSection(ExtensibilityGlobals) = postSolution
		SolutionGuid = {BEFD9604-60B0-480B-B9CE-0F09133CCBA5}
	EndGlobalSection
EndGlobal
